
Microsoft Visual Studio Solution File, Format Version 12.00
# Visual Studio Version 17
VisualStudioVersion = 17.4.33213.308
MinimumVisualStudioVersion = 10.0.40219.1
Project("{FAE04EC0-301F-11D3-BF4B-00C04F79EFBC}") = "ContactDetails.API", "ContactDetails.API\ContactDetails.API.csproj", "{53AA4301-6F2C-4BB3-AE0F-2835789F702A}"
EndProject
Global
	GlobalSection(SolutionConfigurationPlatforms) = preSolution
		Debug|Any CPU = Debug|Any CPU
		Release|Any CPU = Release|Any CPU
	EndGlobalSection
	GlobalSection(ProjectConfigurationPlatforms) = postSolution
		{53AA4301-6F2C-4BB3-AE0F-2835789F702A}.Debug|Any CPU.ActiveCfg = Debug|Any CPU
		{53AA4301-6F2C-4BB3-AE0F-2835789F702A}.Debug|Any CPU.Build.0 = Debug|Any CPU
		{53AA4301-6F2C-4BB3-AE0F-2835789F702A}.Release|Any CPU.ActiveCfg = Release|Any CPU
		{53AA4301-6F2C-4BB3-AE0F-2835789F702A}.Release|Any CPU.Build.0 = Release|Any CPU
	EndGlobalSection
	GlobalSection(SolutionProperties) = preSolution
		HideSolutionNode = FALSE
	EndGlobalSection
	GlobalSection(ExtensibilityGlobals) = postSolution
		SolutionGuid = {A98BAAA9-9A6A-49CA-9176-C6A3B92E26A3}
	EndGlobalSection
EndGlobal
